
Microsoft Visual Studio Solution File, Format Version 12.00
# Visual Studio Version 17
VisualStudioVersion = 17.3.32929.385
MinimumVisualStudioVersion = 10.0.40219.1
Project("{FAE04EC0-301F-11D3-BF4B-00C04F79EFBC}") = "TelegramBotDownloader.UI", "TelegramBotDownloader.UI\TelegramBotDownloader.UI.csproj", "{07EBD194-7C69-4461-B87C-DD2EC6FCF3C1}"
EndProject
Project("{FAE04EC0-301F-11D3-BF4B-00C04F79EFBC}") = "TelegramBotDownloader.Core", "TelegramBotDownloader.Core\TelegramBotDownloader.Core.csproj", "{F4751AAD-F2C6-489C-9007-7D2FE7681FDE}"
EndProject
Global
	GlobalSection(SolutionConfigurationPlatforms) = preSolution
		Debug|Any CPU = Debug|Any CPU
		Release|Any CPU = Release|Any CPU
	EndGlobalSection
	GlobalSection(ProjectConfigurationPlatforms) = postSolution
		{07EBD194-7C69-4461-B87C-DD2EC6FCF3C1}.Debug|Any CPU.ActiveCfg = Debug|Any CPU
		{07EBD194-7C69-4461-B87C-DD2EC6FCF3C1}.Debug|Any CPU.Build.0 = Debug|Any CPU
		{07EBD194-7C69-4461-B87C-DD2EC6FCF3C1}.Release|Any CPU.ActiveCfg = Release|Any CPU
		{07EBD194-7C69-4461-B87C-DD2EC6FCF3C1}.Release|Any CPU.Build.0 = Release|Any CPU
		{F4751AAD-F2C6-489C-9007-7D2FE7681FDE}.Debug|Any CPU.ActiveCfg = Debug|Any CPU
		{F4751AAD-F2C6-489C-9007-7D2FE7681FDE}.Debug|Any CPU.Build.0 = Debug|Any CPU
		{F4751AAD-F2C6-489C-9007-7D2FE7681FDE}.Release|Any CPU.ActiveCfg = Release|Any CPU
		{F4751AAD-F2C6-489C-9007-7D2FE7681FDE}.Release|Any CPU.Build.0 = Release|Any CPU
	EndGlobalSection
	GlobalSection(SolutionProperties) = preSolution
		HideSolutionNode = FALSE
	EndGlobalSection
	GlobalSection(ExtensibilityGlobals) = postSolution
		SolutionGuid = {A51CE9C5-DAFB-48BC-91B5-A220748F8E04}
	EndGlobalSection
EndGlobal
